
Microsoft Visual Studio Solution File, Format Version 12.00
# Visual Studio 15
VisualStudioVersion = 15.0.27130.2027
MinimumVisualStudioVersion = 10.0.40219.1
Project("{FAE04EC0-301F-11D3-BF4B-00C04F79EFBC}") = "NUnitNetCore", "NUnitNetCore\NUnitNetCore.csproj", "{3DEA4EDC-0266-4362-AAEE-218B1687D952}"
EndProject
Project("{9A19103F-16F7-4668-BE54-9A1E7A4F7556}") = "NUnitFullFramework", "NUnitFullFramework\NUnitFullFramework.csproj", "{BC2C31A5-382B-44FC-8C09-D23389CDC654}"
EndProject
Global
	GlobalSection(SolutionConfigurationPlatforms) = preSolution
		Debug|Any CPU = Debug|Any CPU
		Release|Any CPU = Release|Any CPU
	EndGlobalSection
	GlobalSection(ProjectConfigurationPlatforms) = postSolution
		{3DEA4EDC-0266-4362-AAEE-218B1687D952}.Debug|Any CPU.ActiveCfg = Debug|Any CPU
		{3DEA4EDC-0266-4362-AAEE-218B1687D952}.Debug|Any CPU.Build.0 = Debug|Any CPU
		{3DEA4EDC-0266-4362-AAEE-218B1687D952}.Release|Any CPU.ActiveCfg = Release|Any CPU
		{3DEA4EDC-0266-4362-AAEE-218B1687D952}.Release|Any CPU.Build.0 = Release|Any CPU
		{BC2C31A5-382B-44FC-8C09-D23389CDC654}.Debug|Any CPU.ActiveCfg = Debug|Any CPU
		{BC2C31A5-382B-44FC-8C09-D23389CDC654}.Debug|Any CPU.Build.0 = Debug|Any CPU
		{BC2C31A5-382B-44FC-8C09-D23389CDC654}.Release|Any CPU.ActiveCfg = Release|Any CPU
		{BC2C31A5-382B-44FC-8C09-D23389CDC654}.Release|Any CPU.Build.0 = Release|Any CPU
	EndGlobalSection
	GlobalSection(SolutionProperties) = preSolution
		HideSolutionNode = FALSE
	EndGlobalSection
	GlobalSection(ExtensibilityGlobals) = postSolution
		SolutionGuid = {A85577DA-8627-4F2E-97FF-EB64A0060229}
	EndGlobalSection
EndGlobal
